// !$*UTF8*$!
{
	archiveVersion = 1;
	classes = {
	};
	objectVersion = 55;
	objects = {

/* Begin PBXBuildFile section */
		D515604627F84DF600A1F3B1 /* AppDelegate.swift in Sources */ = {isa = PBXBuildFile; fileRef = D515604527F84DF600A1F3B1 /* AppDelegate.swift */; };
		D515604827F84DF600A1F3B1 /* SceneDelegate.swift in Sources */ = {isa = PBXBuildFile; fileRef = D515604727F84DF600A1F3B1 /* SceneDelegate.swift */; };
		D515604A27F84DF600A1F3B1 /* MainTabBarViewController.swift in Sources */ = {isa = PBXBuildFile; fileRef = D515604927F84DF600A1F3B1 /* MainTabBarViewController.swift */; };
		D515604F27F84DF800A1F3B1 /* Assets.xcassets in Resources */ = {isa = PBXBuildFile; fileRef = D515604E27F84DF800A1F3B1 /* Assets.xcassets */; };
		D515605227F84DF800A1F3B1 /* LaunchScreen.storyboard in Resources */ = {isa = PBXBuildFile; fileRef = D515605027F84DF800A1F3B1 /* LaunchScreen.storyboard */; };
		D515605B27F8934200A1F3B1 /* HomeViewController.swift in Sources */ = {isa = PBXBuildFile; fileRef = D515605A27F8934200A1F3B1 /* HomeViewController.swift */; };
		D515605D27F8936400A1F3B1 /* UpcomingViewController.swift in Sources */ = {isa = PBXBuildFile; fileRef = D515605C27F8936400A1F3B1 /* UpcomingViewController.swift */; };
		D515605F27F8937800A1F3B1 /* SearchViewController.swift in Sources */ = {isa = PBXBuildFile; fileRef = D515605E27F8937800A1F3B1 /* SearchViewController.swift */; };
		D515606127F8938D00A1F3B1 /* DownloadsViewController.swift in Sources */ = {isa = PBXBuildFile; fileRef = D515606027F8938D00A1F3B1 /* DownloadsViewController.swift */; };
		D515606827F8A08400A1F3B1 /* CollectionViewTableViewCell.swift in Sources */ = {isa = PBXBuildFile; fileRef = D515606727F8A08400A1F3B1 /* CollectionViewTableViewCell.swift */; };
/* End PBXBuildFile section */

/* Begin PBXFileReference section */
		D515604227F84DF600A1F3B1 /* Netflix Clone App.app */ = {isa = PBXFileReference; explicitFileType = wrapper.application; includeInIndex = 0; path = "Netflix Clone App.app"; sourceTree = BUILT_PRODUCTS_DIR; };
		D515604527F84DF600A1F3B1 /* AppDelegate.swift */ = {isa = PBXFileReference; lastKnownFileType = sourcecode.swift; path = AppDelegate.swift; sourceTree = "<group>"; };
		D515604727F84DF600A1F3B1 /* SceneDelegate.swift */ = {isa = PBXFileReference; lastKnownFileType = sourcecode.swift; path = SceneDelegate.swift; sourceTree = "<group>"; };
		D515604927F84DF600A1F3B1 /* MainTabBarViewController.swift */ = {isa = PBXFileReference; lastKnownFileType = sourcecode.swift; path = MainTabBarViewController.swift; sourceTree = "<group>"; };
		D515604E27F84DF800A1F3B1 /* Assets.xcassets */ = {isa = PBXFileReference; lastKnownFileType = folder.assetcatalog; path = Assets.xcassets; sourceTree = "<group>"; };
		D515605127F84DF800A1F3B1 /* Base */ = {isa = PBXFileReference; lastKnownFileType = file.storyboard; name = Base; path = Base.lproj/LaunchScreen.storyboard; sourceTree = "<group>"; };
		D515605327F84DF800A1F3B1 /* Info.plist */ = {isa = PBXFileReference; lastKnownFileType = text.plist.xml; path = Info.plist; sourceTree = "<group>"; };
		D515605A27F8934200A1F3B1 /* HomeViewController.swift */ = {isa = PBXFileReference; lastKnownFileType = sourcecode.swift; path = HomeViewController.swift; sourceTree = "<group>"; };
		D515605C27F8936400A1F3B1 /* UpcomingViewController.swift */ = {isa = PBXFileReference; lastKnownFileType = sourcecode.swift; path = UpcomingViewController.swift; sourceTree = "<group>"; };
		D515605E27F8937800A1F3B1 /* SearchViewController.swift */ = {isa = PBXFileReference; lastKnownFileType = sourcecode.swift; path = SearchViewController.swift; sourceTree = "<group>"; };
		D515606027F8938D00A1F3B1 /* DownloadsViewController.swift */ = {isa = PBXFileReference; lastKnownFileType = sourcecode.swift; path = DownloadsViewController.swift; sourceTree = "<group>"; };
		D515606727F8A08400A1F3B1 /* CollectionViewTableViewCell.swift */ = {isa = PBXFileReference; lastKnownFileType = sourcecode.swift; path = CollectionViewTableViewCell.swift; sourceTree = "<group>"; };
/* End PBXFileReference section */

/* Begin PBXFrameworksBuildPhase section */
		D515603F27F84DF600A1F3B1 /* Frameworks */ = {
			isa = PBXFrameworksBuildPhase;
			buildActionMask = 2147483647;
			files = (
			);
			runOnlyForDeploymentPostprocessing = 0;
		};
/* End PBXFrameworksBuildPhase section */

/* Begin PBXGroup section */
		D515603927F84DF600A1F3B1 = {
			isa = PBXGroup;
			children = (
				D515604427F84DF600A1F3B1 /* Netflix Clone App */,
				D515604327F84DF600A1F3B1 /* Products */,
			);
			sourceTree = "<group>";
		};
		D515604327F84DF600A1F3B1 /* Products */ = {
			isa = PBXGroup;
			children = (
				D515604227F84DF600A1F3B1 /* Netflix Clone App.app */,
			);
			name = Products;
			sourceTree = "<group>";
		};
		D515604427F84DF600A1F3B1 /* Netflix Clone App */ = {
			isa = PBXGroup;
			children = (
				D515606627F8A01B00A1F3B1 /* Managers */,
				D515606527F8A00C00A1F3B1 /* Resources */,
				D515606227F89F9A00A1F3B1 /* Models */,
				D515606427F89FB700A1F3B1 /* Views */,
				D515606327F89FA600A1F3B1 /* ViewModels */,
				D515605927F8932300A1F3B1 /* Controllers */,
				D515604527F84DF600A1F3B1 /* AppDelegate.swift */,
				D515604727F84DF600A1F3B1 /* SceneDelegate.swift */,
				D515604927F84DF600A1F3B1 /* MainTabBarViewController.swift */,
				D515604E27F84DF800A1F3B1 /* Assets.xcassets */,
				D515605027F84DF800A1F3B1 /* LaunchScreen.storyboard */,
				D515605327F84DF800A1F3B1 /* Info.plist */,
			);
			path = "Netflix Clone App";
			sourceTree = "<group>";
		};
		D515605927F8932300A1F3B1 /* Controllers */ = {
			isa = PBXGroup;
			children = (
				D515605A27F8934200A1F3B1 /* HomeViewController.swift */,
				D515605C27F8936400A1F3B1 /* UpcomingViewController.swift */,
				D515605E27F8937800A1F3B1 /* SearchViewController.swift */,
				D515606027F8938D00A1F3B1 /* DownloadsViewController.swift */,
			);
			path = Controllers;
			sourceTree = "<group>";
		};
		D515606227F89F9A00A1F3B1 /* Models */ = {
			isa = PBXGroup;
			children = (
			);
			path = Models;
			sourceTree = "<group>";
		};
		D515606327F89FA600A1F3B1 /* ViewModels */ = {
			isa = PBXGroup;
			children = (
			);
			path = ViewModels;
			sourceTree = "<group>";
		};
		D515606427F89FB700A1F3B1 /* Views */ = {
			isa = PBXGroup;
			children = (
				D515606727F8A08400A1F3B1 /* CollectionViewTableViewCell.swift */,
			);
			path = Views;
			sourceTree = "<group>";
		};
		D515606527F8A00C00A1F3B1 /* Resources */ = {
			isa = PBXGroup;
			children = (
			);
			path = Resources;
			sourceTree = "<group>";
		};
		D515606627F8A01B00A1F3B1 /* Managers */ = {
			isa = PBXGroup;
			children = (
			);
			path = Managers;
			sourceTree = "<group>";
		};
/* End PBXGroup section */

/* Begin PBXNativeTarget section */
		D515604127F84DF600A1F3B1 /* Netflix Clone App */ = {
			isa = PBXNativeTarget;
			buildConfigurationList = D515605627F84DF800A1F3B1 /* Build configuration list for PBXNativeTarget "Netflix Clone App" */;
			buildPhases = (
				D515603E27F84DF600A1F3B1 /* Sources */,
				D515603F27F84DF600A1F3B1 /* Frameworks */,
				D515604027F84DF600A1F3B1 /* Resources */,
			);
			buildRules = (
			);
			dependencies = (
			);
			name = "Netflix Clone App";
			productName = "Netflix Clone App";
			productReference = D515604227F84DF600A1F3B1 /* Netflix Clone App.app */;
			productType = "com.apple.product-type.application";
		};
/* End PBXNativeTarget section */

/* Begin PBXProject section */
		D515603A27F84DF600A1F3B1 /* Project object */ = {
			isa = PBXProject;
			attributes = {
				BuildIndependentTargetsInParallel = 1;
				LastSwiftUpdateCheck = 1320;
				LastUpgradeCheck = 1320;
				TargetAttributes = {
					D515604127F84DF600A1F3B1 = {
						CreatedOnToolsVersion = 13.2.1;
					};
				};
			};
			buildConfigurationList = D515603D27F84DF600A1F3B1 /* Build configuration list for PBXProject "Netflix Clone App" */;
			compatibilityVersion = "Xcode 13.0";
			developmentRegion = en;
			hasScannedForEncodings = 0;
			knownRegions = (
				en,
				Base,
			);
			mainGroup = D515603927F84DF600A1F3B1;
			productRefGroup = D515604327F84DF600A1F3B1 /* Products */;
			projectDirPath = "";
			projectRoot = "";
			targets = (
				D515604127F84DF600A1F3B1 /* Netflix Clone App */,
			);
		};
/* End PBXProject section */

/* Begin PBXResourcesBuildPhase section */
		D515604027F84DF600A1F3B1 /* Resources */ = {
			isa = PBXResourcesBuildPhase;
			buildActionMask = 2147483647;
			files = (
				D515605227F84DF800A1F3B1 /* LaunchScreen.storyboard in Resources */,
				D515604F27F84DF800A1F3B1 /* Assets.xcassets in Resources */,
			);
			runOnlyForDeploymentPostprocessing = 0;
		};
/* End PBXResourcesBuildPhase section */

/* Begin PBXSourcesBuildPhase section */
		D515603E27F84DF600A1F3B1 /* Sources */ = {
			isa = PBXSourcesBuildPhase;
			buildActionMask = 2147483647;
			files = (
				D515605F27F8937800A1F3B1 /* SearchViewController.swift in Sources */,
				D515604A27F84DF600A1F3B1 /* MainTabBarViewController.swift in Sources */,
				D515606827F8A08400A1F3B1 /* CollectionViewTableViewCell.swift in Sources */,
				D515606127F8938D00A1F3B1 /* DownloadsViewController.swift in Sources */,
				D515604627F84DF600A1F3B1 /* AppDelegate.swift in Sources */,
				D515604827F84DF600A1F3B1 /* SceneDelegate.swift in Sources */,
				D515605D27F8936400A1F3B1 /* UpcomingViewController.swift in Sources */,
				D515605B27F8934200A1F3B1 /* HomeViewController.swift in Sources */,
			);
			runOnlyForDeploymentPostprocessing = 0;
		};
/* End PBXSourcesBuildPhase section */

/* Begin PBXVariantGroup section */
		D515605027F84DF800A1F3B1 /* LaunchScreen.storyboard */ = {
			isa = PBXVariantGroup;
			children = (
				D515605127F84DF800A1F3B1 /* Base */,
			);
			name = LaunchScreen.storyboard;
			sourceTree = "<group>";
		};
/* End PBXVariantGroup section */

/* Begin XCBuildConfiguration section */
		D515605427F84DF800A1F3B1 /* Debug */ = {
			isa = XCBuildConfiguration;
			buildSettings = {
				ALWAYS_SEARCH_USER_PATHS = NO;
				CLANG_ANALYZER_NONNULL = YES;
				CLANG_ANALYZER_NUMBER_OBJECT_CONVERSION = YES_AGGRESSIVE;
				CLANG_CXX_LANGUAGE_STANDARD = "gnu++17";
				CLANG_CXX_LIBRARY = "libc++";
				CLANG_ENABLE_MODULES = YES;
				CLANG_ENABLE_OBJC_ARC = YES;
				CLANG_ENABLE_OBJC_WEAK = YES;
				CLANG_WARN_BLOCK_CAPTURE_AUTORELEASING = YES;
				CLANG_WARN_BOOL_CONVERSION = YES;
				CLANG_WARN_COMMA = YES;
				CLANG_WARN_CONSTANT_CONVERSION = YES;
				CLANG_WARN_DEPRECATED_OBJC_IMPLEMENTATIONS = YES;
				CLANG_WARN_DIRECT_OBJC_ISA_USAGE = YES_ERROR;
				CLANG_WARN_DOCUMENTATION_COMMENTS = YES;
				CLANG_WARN_EMPTY_BODY = YES;
				CLANG_WARN_ENUM_CONVERSION = YES;
				CLANG_WARN_INFINITE_RECURSION = YES;
				CLANG_WARN_INT_CONVERSION = YES;
				CLANG_WARN_NON_LITERAL_NULL_CONVERSION = YES;
				CLANG_WARN_OBJC_IMPLICIT_RETAIN_SELF = YES;
				CLANG_WARN_OBJC_LITERAL_CONVERSION = YES;
				CLANG_WARN_OBJC_ROOT_CLASS = YES_ERROR;
				CLANG_WARN_QUOTED_INCLUDE_IN_FRAMEWORK_HEADER = YES;
				CLANG_WARN_RANGE_LOOP_ANALYSIS = YES;
				CLANG_WARN_STRICT_PROTOTYPES = YES;
				CLANG_WARN_SUSPICIOUS_MOVE = YES;
				CLANG_WARN_UNGUARDED_AVAILABILITY = YES_AGGRESSIVE;
				CLANG_WARN_UNREACHABLE_CODE = YES;
				CLANG_WARN__DUPLICATE_METHOD_MATCH = YES;
				COPY_PHASE_STRIP = NO;
				DEBUG_INFORMATION_FORMAT = dwarf;
				ENABLE_STRICT_OBJC_MSGSEND = YES;
				ENABLE_TESTABILITY = YES;
				GCC_C_LANGUAGE_STANDARD = gnu11;
				GCC_DYNAMIC_NO_PIC = NO;
				GCC_NO_COMMON_BLOCKS = YES;
				GCC_OPTIMIZATION_LEVEL = 0;
				GCC_PREPROCESSOR_DEFINITIONS = (
					"DEBUG=1",
					"$(inherited)",
				);
				GCC_WARN_64_TO_32_BIT_CONVERSION = YES;
				GCC_WARN_ABOUT_RETURN_TYPE = YES_ERROR;
				GCC_WARN_UNDECLARED_SELECTOR = YES;
				GCC_WARN_UNINITIALIZED_AUTOS = YES_AGGRESSIVE;
				GCC_WARN_UNUSED_FUNCTION = YES;
				GCC_WARN_UNUSED_VARIABLE = YES;
				IPHONEOS_DEPLOYMENT_TARGET = 15.2;
				MTL_ENABLE_DEBUG_INFO = INCLUDE_SOURCE;
				MTL_FAST_MATH = YES;
				ONLY_ACTIVE_ARCH = YES;
				SDKROOT = iphoneos;
				SWIFT_ACTIVE_COMPILATION_CONDITIONS = DEBUG;
				SWIFT_OPTIMIZATION_LEVEL = "-Onone";
			};
			name = Debug;
		};
		D515605527F84DF800A1F3B1 /* Release */ = {
			isa = XCBuildConfiguration;
			buildSettings = {
				ALWAYS_SEARCH_USER_PATHS = NO;
				CLANG_ANALYZER_NONNULL = YES;
				CLANG_ANALYZER_NUMBER_OBJECT_CONVERSION = YES_AGGRESSIVE;
				CLANG_CXX_LANGUAGE_STANDARD = "gnu++17";
				CLANG_CXX_LIBRARY = "libc++";
				CLANG_ENABLE_MODULES = YES;
				CLANG_ENABLE_OBJC_ARC = YES;
				CLANG_ENABLE_OBJC_WEAK = YES;
				CLANG_WARN_BLOCK_CAPTURE_AUTORELEASING = YES;
				CLANG_WARN_BOOL_CONVERSION = YES;
				CLANG_WARN_COMMA = YES;
				CLANG_WARN_CONSTANT_CONVERSION = YES;
				CLANG_WARN_DEPRECATED_OBJC_IMPLEMENTATIONS = YES;
				CLANG_WARN_DIRECT_OBJC_ISA_USAGE = YES_ERROR;
				CLANG_WARN_DOCUMENTATION_COMMENTS = YES;
				CLANG_WARN_EMPTY_BODY = YES;
				CLANG_WARN_ENUM_CONVERSION = YES;
				CLANG_WARN_INFINITE_RECURSION = YES;
				CLANG_WARN_INT_CONVERSION = YES;
				CLANG_WARN_NON_LITERAL_NULL_CONVERSION = YES;
				CLANG_WARN_OBJC_IMPLICIT_RETAIN_SELF = YES;
				CLANG_WARN_OBJC_LITERAL_CONVERSION = YES;
				CLANG_WARN_OBJC_ROOT_CLASS = YES_ERROR;
				CLANG_WARN_QUOTED_INCLUDE_IN_FRAMEWORK_HEADER = YES;
				CLANG_WARN_RANGE_LOOP_ANALYSIS = YES;
				CLANG_WARN_STRICT_PROTOTYPES = YES;
				CLANG_WARN_SUSPICIOUS_MOVE = YES;
				CLANG_WARN_UNGUARDED_AVAILABILITY = YES_AGGRESSIVE;
				CLANG_WARN_UNREACHABLE_CODE = YES;
				CLANG_WARN__DUPLICATE_METHOD_MATCH = YES;
				COPY_PHASE_STRIP = NO;
				DEBUG_INFORMATION_FORMAT = "dwarf-with-dsym";
				ENABLE_NS_ASSERTIONS = NO;
				ENABLE_STRICT_OBJC_MSGSEND = YES;
				GCC_C_LANGUAGE_STANDARD = gnu11;
				GCC_NO_COMMON_BLOCKS = YES;
				GCC_WARN_64_TO_32_BIT_CONVERSION = YES;
				GCC_WARN_ABOUT_RETURN_TYPE = YES_ERROR;
				GCC_WARN_UNDECLARED_SELECTOR = YES;
				GCC_WARN_UNINITIALIZED_AUTOS = YES_AGGRESSIVE;
				GCC_WARN_UNUSED_FUNCTION = YES;
				GCC_WARN_UNUSED_VARIABLE = YES;
				IPHONEOS_DEPLOYMENT_TARGET = 15.2;
				MTL_ENABLE_DEBUG_INFO = NO;
				MTL_FAST_MATH = YES;
				SDKROOT = iphoneos;
				SWIFT_COMPILATION_MODE = wholemodule;
				SWIFT_OPTIMIZATION_LEVEL = "-O";
				VALIDATE_PRODUCT = YES;
			};
			name = Release;
		};
		D515605727F84DF800A1F3B1 /* Debug */ = {
			isa = XCBuildConfiguration;
			buildSettings = {
				ASSETCATALOG_COMPILER_APPICON_NAME = AppIcon;
				ASSETCATALOG_COMPILER_GLOBAL_ACCENT_COLOR_NAME = AccentColor;
				CODE_SIGN_STYLE = Automatic;
				CURRENT_PROJECT_VERSION = 1;
				DEVELOPMENT_TEAM = A9ZN9N3ZUM;
				GENERATE_INFOPLIST_FILE = YES;
				INFOPLIST_FILE = "Netflix Clone App/Info.plist";
				INFOPLIST_KEY_UIApplicationSupportsIndirectInputEvents = YES;
				INFOPLIST_KEY_UILaunchStoryboardName = LaunchScreen;
				INFOPLIST_KEY_UIMainStoryboardFile = "";
				INFOPLIST_KEY_UISupportedInterfaceOrientations_iPad = "UIInterfaceOrientationPortrait UIInterfaceOrientationPortraitUpsideDown UIInterfaceOrientationLandscapeLeft UIInterfaceOrientationLandscapeRight";
				INFOPLIST_KEY_UISupportedInterfaceOrientations_iPhone = "UIInterfaceOrientationPortrait UIInterfaceOrientationLandscapeLeft UIInterfaceOrientationLandscapeRight";
				LD_RUNPATH_SEARCH_PATHS = (
					"$(inherited)",
					"@executable_path/Frameworks",
				);
				MARKETING_VERSION = 1.0;
				PRODUCT_BUNDLE_IDENTIFIER = "com.amalitech.Netflix-Clone-App";
				PRODUCT_NAME = "$(TARGET_NAME)";
				SWIFT_EMIT_LOC_STRINGS = YES;
				SWIFT_VERSION = 5.0;
				TARGETED_DEVICE_FAMILY = "1,2";
			};
			name = Debug;
		};
		D515605827F84DF800A1F3B1 /* Release */ = {
			isa = XCBuildConfiguration;
			buildSettings = {
				ASSETCATALOG_COMPILER_APPICON_NAME = AppIcon;
				ASSETCATALOG_COMPILER_GLOBAL_ACCENT_COLOR_NAME = AccentColor;
				CODE_SIGN_STYLE = Automatic;
				CURRENT_PROJECT_VERSION = 1;
				DEVELOPMENT_TEAM = A9ZN9N3ZUM;
				GENERATE_INFOPLIST_FILE = YES;
				INFOPLIST_FILE = "Netflix Clone App/Info.plist";
				INFOPLIST_KEY_UIApplicationSupportsIndirectInputEvents = YES;
				INFOPLIST_KEY_UILaunchStoryboardName = LaunchScreen;
				INFOPLIST_KEY_UIMainStoryboardFile = "";
				INFOPLIST_KEY_UISupportedInterfaceOrientations_iPad = "UIInterfaceOrientationPortrait UIInterfaceOrientationPortraitUpsideDown UIInterfaceOrientationLandscapeLeft UIInterfaceOrientationLandscapeRight";
				INFOPLIST_KEY_UISupportedInterfaceOrientations_iPhone = "UIInterfaceOrientationPortrait UIInterfaceOrientationLandscapeLeft UIInterfaceOrientationLandscapeRight";
				LD_RUNPATH_SEARCH_PATHS = (
					"$(inherited)",
					"@executable_path/Frameworks",
				);
				MARKETING_VERSION = 1.0;
				PRODUCT_BUNDLE_IDENTIFIER = "com.amalitech.Netflix-Clone-App";
				PRODUCT_NAME = "$(TARGET_NAME)";
				SWIFT_EMIT_LOC_STRINGS = YES;
				SWIFT_VERSION = 5.0;
				TARGETED_DEVICE_FAMILY = "1,2";
			};
			name = Release;
		};
/* End XCBuildConfiguration section */

/* Begin XCConfigurationList section */
		D515603D27F84DF600A1F3B1 /* Build configuration list for PBXProject "Netflix Clone App" */ = {
			isa = XCConfigurationList;
			buildConfigurations = (
				D515605427F84DF800A1F3B1 /* Debug */,
				D515605527F84DF800A1F3B1 /* Release */,
			);
			defaultConfigurationIsVisible = 0;
			defaultConfigurationName = Release;
		};
		D515605627F84DF800A1F3B1 /* Build configuration list for PBXNativeTarget "Netflix Clone App" */ = {
			isa = XCConfigurationList;
			buildConfigurations = (
				D515605727F84DF800A1F3B1 /* Debug */,
				D515605827F84DF800A1F3B1 /* Release */,
			);
			defaultConfigurationIsVisible = 0;
			defaultConfigurationName = Release;
		};
/* End XCConfigurationList section */
	};
	rootObject = D515603A27F84DF600A1F3B1 /* Project object */;
}
